
Microsoft Visual Studio Solution File, Format Version 12.00
# Visual Studio Version 16
VisualStudioVersion = 16.0.32630.194
MinimumVisualStudioVersion = 10.0.40219.1
Project("{FAE04EC0-301F-11D3-BF4B-00C04F79EFBC}") = "apis", "apis\apis.csproj", "{F77FEB39-5836-4BB4-9E5A-D9346E06F29E}"
EndProject
Global
	GlobalSection(SolutionConfigurationPlatforms) = preSolution
		Debug|Any CPU = Debug|Any CPU
		Release|Any CPU = Release|Any CPU
	EndGlobalSection
	GlobalSection(ProjectConfigurationPlatforms) = postSolution
		{F77FEB39-5836-4BB4-9E5A-D9346E06F29E}.Debug|Any CPU.ActiveCfg = Debug|Any CPU
		{F77FEB39-5836-4BB4-9E5A-D9346E06F29E}.Debug|Any CPU.Build.0 = Debug|Any CPU
		{F77FEB39-5836-4BB4-9E5A-D9346E06F29E}.Release|Any CPU.ActiveCfg = Release|Any CPU
		{F77FEB39-5836-4BB4-9E5A-D9346E06F29E}.Release|Any CPU.Build.0 = Release|Any CPU
	EndGlobalSection
	GlobalSection(SolutionProperties) = preSolution
		HideSolutionNode = FALSE
	EndGlobalSection
	GlobalSection(ExtensibilityGlobals) = postSolution
		SolutionGuid = {E24FC31F-CADF-434E-8497-3F8CFE94CE4E}
	EndGlobalSection
EndGlobal
